{
  "version": "3",
  "packages": {
    "specifiers": {
      "jsr:@libs/std@^2024.7.24": "jsr:@libs/std@2024.7.24",
      "jsr:@std/archive@0.224.3": "jsr:@std/archive@0.224.3",
      "jsr:@std/assert@1.0.0": "jsr:@std/assert@1.0.0",
      "jsr:@std/assert@1.0.0-rc.2": "jsr:@std/assert@1.0.0-rc.2",
      "jsr:@std/assert@^0.224.0": "jsr:@std/assert@0.224.0",
      "jsr:@std/async@1.0.0": "jsr:@std/async@1.0.0",
      "jsr:@std/async@^0.211.0": "jsr:@std/async@0.211.0",
      "jsr:@std/async@^1.0.0-rc.1": "jsr:@std/async@1.0.0",
      "jsr:@std/async@^1.0.0-rc.2": "jsr:@std/async@1.0.0",
      "jsr:@std/bytes@1.0.2": "jsr:@std/bytes@1.0.2",
      "jsr:@std/bytes@^1.0.0-rc.3": "jsr:@std/bytes@1.0.2",
      "jsr:@std/bytes@^1.0.1-rc.3": "jsr:@std/bytes@1.0.2",
      "jsr:@std/bytes@^1.0.2-rc.3": "jsr:@std/bytes@1.0.2",
      "jsr:@std/cli@1.0.0": "jsr:@std/cli@1.0.0",
      "jsr:@std/cli@^0.224.7": "jsr:@std/cli@0.224.7",
      "jsr:@std/collections@1.0.5": "jsr:@std/collections@1.0.5",
      "jsr:@std/collections@^1.0.4": "jsr:@std/collections@1.0.5",
      "jsr:@std/crypto@1.0.1": "jsr:@std/crypto@1.0.1",
      "jsr:@std/crypto@^1.0.0-rc.1": "jsr:@std/crypto@1.0.1",
      "jsr:@std/csv@0.224.3": "jsr:@std/csv@0.224.3",
      "jsr:@std/data-structures@1.0.0": "jsr:@std/data-structures@1.0.0",
      "jsr:@std/data-structures@^1.0.0-rc.1": "jsr:@std/data-structures@1.0.0",
      "jsr:@std/datetime@0.224.3": "jsr:@std/datetime@0.224.3",
      "jsr:@std/dotenv@0.225.0": "jsr:@std/dotenv@0.225.0",
      "jsr:@std/encoding@1.0.0-rc.2": "jsr:@std/encoding@1.0.0-rc.2",
      "jsr:@std/encoding@1.0.1": "jsr:@std/encoding@1.0.1",
      "jsr:@std/expect@0.224.5": "jsr:@std/expect@0.224.5",
      "jsr:@std/flags@0.224.0": "jsr:@std/flags@0.224.0",
      "jsr:@std/fmt@0.225.6": "jsr:@std/fmt@0.225.6",
      "jsr:@std/fmt@^0.225.4": "jsr:@std/fmt@0.225.6",
      "jsr:@std/fmt@^1.0.0-rc.1": "jsr:@std/fmt@1.0.0-rc.1",
      "jsr:@std/front-matter@0.224.3": "jsr:@std/front-matter@0.224.3",
      "jsr:@std/fs@0.229.3": "jsr:@std/fs@0.229.3",
      "jsr:@std/fs@^1.0.0": "jsr:@std/fs@1.0.0",
      "jsr:@std/fs@^1.0.0-rc.1": "jsr:@std/fs@1.0.0",
      "jsr:@std/fs@^1.0.0-rc.5": "jsr:@std/fs@1.0.0",
      "jsr:@std/html@1.0.0": "jsr:@std/html@1.0.0",
      "jsr:@std/http@0.224.5": "jsr:@std/http@0.224.5",
      "jsr:@std/ini@0.225.2": "jsr:@std/ini@0.225.2",
      "jsr:@std/internal@^1.0.0": "jsr:@std/internal@1.0.1",
      "jsr:@std/internal@^1.0.1": "jsr:@std/internal@1.0.1",
      "jsr:@std/io@0.224.3": "jsr:@std/io@0.224.3",
      "jsr:@std/io@^0.224.1": "jsr:@std/io@0.224.3",
      "jsr:@std/io@^0.224.3": "jsr:@std/io@0.224.3",
      "jsr:@std/json@0.224.1": "jsr:@std/json@0.224.1",
      "jsr:@std/json@^1.0.0-rc.1": "jsr:@std/json@1.0.0",
      "jsr:@std/jsonc@0.224.3": "jsr:@std/jsonc@0.224.3",
      "jsr:@std/log@0.224.5": "jsr:@std/log@0.224.5",
      "jsr:@std/media-types@1.0.2": "jsr:@std/media-types@1.0.2",
      "jsr:@std/media-types@^1.0.0-rc.1": "jsr:@std/media-types@1.0.2",
      "jsr:@std/msgpack@1.0.0": "jsr:@std/msgpack@1.0.0",
      "jsr:@std/net@0.224.5": "jsr:@std/net@0.224.5",
      "jsr:@std/net@^0.224.3": "jsr:@std/net@0.224.5",
      "jsr:@std/path@1.0.0-rc.1": "jsr:@std/path@1.0.0-rc.1",
      "jsr:@std/path@1.0.0-rc.2": "jsr:@std/path@1.0.0-rc.2",
      "jsr:@std/path@1.0.1": "jsr:@std/path@1.0.1",
      "jsr:@std/path@^1.0.2": "jsr:@std/path@1.0.2",
      "jsr:@std/permissions@0.224.0": "jsr:@std/permissions@0.224.0",
      "jsr:@std/regexp@1.0.0": "jsr:@std/regexp@1.0.0",
      "jsr:@std/semver@0.224.3": "jsr:@std/semver@0.224.3",
      "jsr:@std/signal@0.211.0": "jsr:@std/signal@0.211.0",
      "jsr:@std/streams@0.224.5": "jsr:@std/streams@0.224.5",
      "jsr:@std/streams@^0.224.1": "jsr:@std/streams@0.224.5",
      "jsr:@std/streams@^0.224.4": "jsr:@std/streams@0.224.5",
      "jsr:@std/streams@^0.224.5": "jsr:@std/streams@0.224.5",
      "jsr:@std/testing@0.225.3": "jsr:@std/testing@0.225.3",
      "jsr:@std/text@1.0.0": "jsr:@std/text@1.0.0",
      "jsr:@std/toml@1.0.0": "jsr:@std/toml@1.0.0",
      "jsr:@std/toml@^1.0.0-rc.3": "jsr:@std/toml@1.0.0",
      "jsr:@std/ulid@1.0.0": "jsr:@std/ulid@1.0.0",
      "jsr:@std/url@0.224.1": "jsr:@std/url@0.224.1",
      "jsr:@std/uuid@1.0.0": "jsr:@std/uuid@1.0.0",
      "jsr:@std/webgpu@0.224.5": "jsr:@std/webgpu@0.224.5",
      "jsr:@std/yaml@0.224.3": "jsr:@std/yaml@0.224.3",
      "jsr:@std/yaml@^1.0.0-rc.1": "jsr:@std/yaml@1.0.0",
      "npm:superjson@1.13.3": "npm:superjson@1.13.3"
    },
    "jsr": {
      "@libs/std@2024.7.24": {
        "integrity": "8a05f20cfbc7c075be0c319fb2749cb17f339e0feb265c773fcadbc32f0c3ca1",
        "dependencies": [
          "jsr:@std/archive@0.224.3",
          "jsr:@std/assert@1.0.0",
          "jsr:@std/async@1.0.0",
          "jsr:@std/bytes@1.0.2",
          "jsr:@std/cli@1.0.0",
          "jsr:@std/collections@1.0.5",
          "jsr:@std/crypto@1.0.1",
          "jsr:@std/csv@0.224.3",
          "jsr:@std/data-structures@1.0.0",
          "jsr:@std/datetime@0.224.3",
          "jsr:@std/dotenv@0.225.0",
          "jsr:@std/encoding@1.0.1",
          "jsr:@std/expect@0.224.5",
          "jsr:@std/flags@0.224.0",
          "jsr:@std/fmt@0.225.6",
          "jsr:@std/front-matter@0.224.3",
          "jsr:@std/fs@0.229.3",
          "jsr:@std/html@1.0.0",
          "jsr:@std/http@0.224.5",
          "jsr:@std/ini@0.225.2",
          "jsr:@std/io@0.224.3",
          "jsr:@std/json@0.224.1",
          "jsr:@std/jsonc@0.224.3",
          "jsr:@std/log@0.224.5",
          "jsr:@std/media-types@1.0.2",
          "jsr:@std/msgpack@1.0.0",
          "jsr:@std/net@0.224.5",
          "jsr:@std/path@1.0.1",
          "jsr:@std/permissions@0.224.0",
          "jsr:@std/regexp@1.0.0",
          "jsr:@std/semver@0.224.3",
          "jsr:@std/signal@0.211.0",
          "jsr:@std/streams@0.224.5",
          "jsr:@std/testing@0.225.3",
          "jsr:@std/text@1.0.0",
          "jsr:@std/toml@1.0.0",
          "jsr:@std/ulid@1.0.0",
          "jsr:@std/url@0.224.1",
          "jsr:@std/uuid@1.0.0",
          "jsr:@std/webgpu@0.224.5",
          "jsr:@std/yaml@0.224.3"
        ]
      },
      "@std/archive@0.224.3": {
        "integrity": "d75b0593ce9870a13a1c22857032f7c3024c8eac8ba270f73061f9f1e5758a12",
        "dependencies": [
          "jsr:@std/io@^0.224.3"
        ]
      },
      "@std/assert@0.224.0": {
        "integrity": "8643233ec7aec38a940a8264a6e3eed9bfa44e7a71cc6b3c8874213ff401967f"
      },
      "@std/assert@1.0.0": {
        "integrity": "0e4f6d873f7f35e2a1e6194ceee39686c996b9e5d134948e644d35d4c4df2008",
        "dependencies": [
          "jsr:@std/internal@^1.0.1"
        ]
      },
      "@std/assert@1.0.0-rc.2": {
        "integrity": "0484eab1d76b55fca1c3beaff485a274e67dd3b9f065edcbe70030dfc0b964d3",
        "dependencies": [
          "jsr:@std/internal@^1.0.0"
        ]
      },
      "@std/async@0.211.0": {
        "integrity": "50bddeff9f5c21f3ce0975a29071521984a0f44a69c5917b8034cc1453d5feae"
      },
      "@std/async@1.0.0": {
        "integrity": "19891d4540cd3af5efd1d7b1f0e92f6ca365e51edc263fbc077334173878e528"
      },
      "@std/bytes@1.0.2": {
        "integrity": "fbdee322bbd8c599a6af186a1603b3355e59a5fb1baa139f8f4c3c9a1b3e3d57"
      },
      "@std/cli@0.224.7": {
        "integrity": "654ca6477518e5e3a0d3fabafb2789e92b8c0febf1a1d24ba4b567aba94b5977"
      },
      "@std/cli@1.0.0": {
        "integrity": "3c38f1da21bff0d25a9e6d97139ef2eb9ba334b5910da92c0169b44f38655f08"
      },
      "@std/collections@1.0.5": {
        "integrity": "ab9eac23b57a0c0b89ba45134e61561f69f3d001f37235a248ed40be260c0c10"
      },
      "@std/crypto@1.0.1": {
        "integrity": "5d60e6412b2ce61193e2bb622cba02d34890b3d8c4eef3312e499a77329a6f94"
      },
      "@std/csv@0.224.3": {
        "integrity": "cf9cb88954a029b9997a613f67771d39b4d1602c8ea1a289328c89b48460fae3",
        "dependencies": [
          "jsr:@std/streams@^0.224.4"
        ]
      },
      "@std/data-structures@1.0.0": {
        "integrity": "973ed82989135d6365c8f43e90038cdb4c3c6b3813176457dc5925826a40bbe5"
      },
      "@std/datetime@0.224.3": {
        "integrity": "43197d0b2e00444fb169275b79a3e8fa506fd65c92398a207d71fd3e69b26c5b"
      },
      "@std/dotenv@0.225.0": {
        "integrity": "44db32932c67df82790a3e6847d7007befb6cc22d71f2f3ee7b7d00e1f0d6c94"
      },
      "@std/encoding@1.0.0-rc.2": {
        "integrity": "160d7674a20ebfbccdf610b3801fee91cf6e42d1c106dd46bbaf46e395cd35ef"
      },
      "@std/encoding@1.0.1": {
        "integrity": "5955c6c542ebb4ce6587c3b548dc71e07a6c27614f1976d1d3887b1196cf4e65"
      },
      "@std/expect@0.224.5": {
        "integrity": "ae6e57ee6f23a2fd5ae130cb84448eef182354cb902e1a2a98d64c72ac3a5a1c",
        "dependencies": [
          "jsr:@std/assert@1.0.0-rc.2",
          "jsr:@std/internal@^1.0.0"
        ]
      },
      "@std/flags@0.224.0": {
        "integrity": "d40eaf58c356b2e1313c6d4e62dc28b614aad2ddae6f5ff72a969e0b1f5ad689",
        "dependencies": [
          "jsr:@std/assert@^0.224.0"
        ]
      },
      "@std/fmt@0.225.6": {
        "integrity": "aba6aea27f66813cecfd9484e074a9e9845782ab0685c030e453a8a70b37afc8"
      },
      "@std/fmt@1.0.0-rc.1": {
        "integrity": "3dbbd12f1704c62b5bd33c9ff928c8df47cd5c75f6637201a8c21298b28e43bc"
      },
      "@std/front-matter@0.224.3": {
        "integrity": "983e98b6fc90d614540d2176350e4edf7b6ec067b384c03245e2e795b66de9bb",
        "dependencies": [
          "jsr:@std/toml@^1.0.0-rc.3",
          "jsr:@std/yaml@^1.0.0-rc.1"
        ]
      },
      "@std/fs@0.229.3": {
        "integrity": "783bca21f24da92e04c3893c9e79653227ab016c48e96b3078377ebd5222e6eb",
        "dependencies": [
          "jsr:@std/path@1.0.0-rc.1"
        ]
      },
      "@std/fs@1.0.0": {
        "integrity": "d72e4a125af7168d717a2ed1dca77a728b422b0d138fd20579e3fa41a77da943",
        "dependencies": [
          "jsr:@std/path@^1.0.2"
        ]
      },
      "@std/html@1.0.0": {
        "integrity": "389f2b8b0021ee75966003b307b849813a300d1c554cef8d69aec2d5d3922ff9"
      },
      "@std/http@0.224.5": {
        "integrity": "b03b5d1529f6c423badfb82f6640f9f2557b4034cd7c30655ba5bb447ff750a4",
        "dependencies": [
          "jsr:@std/async@^1.0.0-rc.1",
          "jsr:@std/cli@^0.224.7",
          "jsr:@std/encoding@1.0.0-rc.2",
          "jsr:@std/fmt@^0.225.4",
          "jsr:@std/media-types@^1.0.0-rc.1",
          "jsr:@std/net@^0.224.3",
          "jsr:@std/path@1.0.0-rc.2",
          "jsr:@std/streams@^0.224.5"
        ]
      },
      "@std/ini@0.225.2": {
        "integrity": "c70f6560dacb7e333c2f868aa09aaa4117e6618cc66c60d0b4ca716c135c8e67"
      },
      "@std/internal@1.0.1": {
        "integrity": "6f8c7544d06a11dd256c8d6ba54b11ed870aac6c5aeafff499892662c57673e6"
      },
      "@std/io@0.224.3": {
        "integrity": "b402edeb99c6b3778d9ae3e9927bc9085b170b41e5a09bbb7064ab2ee394ae2f",
        "dependencies": [
          "jsr:@std/bytes@^1.0.1-rc.3"
        ]
      },
      "@std/json@0.224.1": {
        "integrity": "2a18a8000707190e467f94b2732f6f88a3094db823765d8c58925bb5efeac29a",
        "dependencies": [
          "jsr:@std/streams@^0.224.1"
        ]
      },
      "@std/json@1.0.0": {
        "integrity": "985c1e544918d42e4e84072fc739ac4a19c3a5093292c99742ffcdd03fb6a268"
      },
      "@std/jsonc@0.224.3": {
        "integrity": "c10770a31489f5b85a3562d9b107c497666d8b6a49291ee2711d84da2616c2d6",
        "dependencies": [
          "jsr:@std/json@^1.0.0-rc.1"
        ]
      },
      "@std/log@0.224.5": {
        "integrity": "4612a45189438441bbd923a4cad1cce5c44c6c4a039195a3e8d831ce38894eee",
        "dependencies": [
          "jsr:@std/fmt@^1.0.0-rc.1",
          "jsr:@std/fs@^1.0.0-rc.5",
          "jsr:@std/io@^0.224.3"
        ]
      },
      "@std/media-types@1.0.2": {
        "integrity": "abb78dc8f7d88141cba8c4d60fc1e8b421e5c7b0d7c84f2f708bc666cad46784"
      },
      "@std/msgpack@1.0.0": {
        "integrity": "6eba6a510f11aaacb245ff64a1cb40b7a506369169bab37e063ff7242df49634",
        "dependencies": [
          "jsr:@std/bytes@^1.0.2-rc.3"
        ]
      },
      "@std/net@0.224.5": {
        "integrity": "9c2ae90a5c3dc7771da5ae5e13b6f7d5d0b316c1954c5d53f2bfc1129fb757ff"
      },
      "@std/path@1.0.0-rc.1": {
        "integrity": "b8c00ae2f19106a6bb7cbf1ab9be52aa70de1605daeb2dbdc4f87a7cbaf10ff6"
      },
      "@std/path@1.0.0-rc.2": {
        "integrity": "39f20d37a44d1867abac8d91c169359ea6e942237a45a99ee1e091b32b921c7d"
      },
      "@std/path@1.0.1": {
        "integrity": "e061ff02c28481ca49e3a14981875c345e9fc7e973190672782cd0ac8af70428"
      },
      "@std/path@1.0.2": {
        "integrity": "a452174603f8c620bd278a380c596437a9eef50c891c64b85812f735245d9ec7"
      },
      "@std/permissions@0.224.0": {
        "integrity": "1a2dba903795bc4d43fb49fc44b7f6cd00e2f472d9abb3499aa56a5dd8ebb829"
      },
      "@std/regexp@1.0.0": {
        "integrity": "158628d134c49a0858afe05017c4666f5f73d3a56602c346549ca42f3fab244a"
      },
      "@std/semver@0.224.3": {
        "integrity": "7bb34b5ad46de2c0c73de0ca3e30081ef64b4361f66abd57c84ff1011c6a1233"
      },
      "@std/signal@0.211.0": {
        "integrity": "4704a7260a2df2389d52d24cc18984552bbf879fac293d1b2781a3d019424457",
        "dependencies": [
          "jsr:@std/async@^0.211.0"
        ]
      },
      "@std/streams@0.224.5": {
        "integrity": "bcde7818dd5460d474cdbd674b15f6638b9cd73cd64e52bd852fba2bd4d8ec91",
        "dependencies": [
          "jsr:@std/bytes@^1.0.0-rc.3",
          "jsr:@std/io@^0.224.1"
        ]
      },
      "@std/testing@0.225.3": {
        "integrity": "348c24d0479d44ab3dbb4f26170f242e19f24051b45935d4a9e7ca0ab7e37780",
        "dependencies": [
          "jsr:@std/assert@1.0.0-rc.2",
          "jsr:@std/async@^1.0.0-rc.2",
          "jsr:@std/data-structures@^1.0.0-rc.1",
          "jsr:@std/fmt@^0.225.4",
          "jsr:@std/fs@^1.0.0-rc.1",
          "jsr:@std/internal@^1.0.0",
          "jsr:@std/path@1.0.0-rc.2"
        ]
      },
      "@std/text@1.0.0": {
        "integrity": "03163011516ff40284f8ee9c1e3eea40f34c3e477df8f34591aa40bc0bd0ba29"
      },
      "@std/toml@1.0.0": {
        "integrity": "c9e37564eedd84084871c66238e00196ec67aa958e09a7f761b3f36273a7a8a5",
        "dependencies": [
          "jsr:@std/collections@^1.0.4"
        ]
      },
      "@std/ulid@1.0.0": {
        "integrity": "d41c3d27a907714413649fee864b7cde8d42ee68437d22b79d5de4f81d808780"
      },
      "@std/url@0.224.1": {
        "integrity": "19f0e1c6ff8fc2ef9522a746595c24f53be47425daa910eb8ef39cbb5e00b3df",
        "dependencies": [
          "jsr:@std/path@1.0.0-rc.1"
        ]
      },
      "@std/uuid@1.0.0": {
        "integrity": "32595ccd31756728c9110cb98e25000e72b8d63151b7211034ea081761ed2104",
        "dependencies": [
          "jsr:@std/bytes@^1.0.1-rc.3",
          "jsr:@std/crypto@^1.0.0-rc.1"
        ]
      },
      "@std/webgpu@0.224.5": {
        "integrity": "21cc4d204eaefa61e62a3a2639f2a07cd604a04f55574a5b9b867d2c17c116ce"
      },
      "@std/yaml@0.224.3": {
        "integrity": "9da1ed0094f42ba24570b4d88a094b44a793ac7f2bc085c1939d3ac7e11cc0bb"
      },
      "@std/yaml@1.0.0": {
        "integrity": "06635c312121ee779e9eef4e9f49c1a26003b15da9ed1178037ccb91dc3a5129"
      }
    },
    "npm": {
      "copy-anything@3.0.5": {
        "integrity": "sha512-yCEafptTtb4bk7GLEQoM8KVJpxAfdBJYaXyzQEgQQQgYrZiDp8SJmGKlYza6CYjEDNstAdNdKA3UuoULlEbS6w==",
        "dependencies": {
          "is-what": "is-what@4.1.16"
        }
      },
      "is-what@4.1.16": {
        "integrity": "sha512-ZhMwEosbFJkA0YhFnNDgTM4ZxDRsS6HqTo7qsZM08fehyRYIYa0yHu5R6mgo1n/8MgaPBXiPimPD77baVFYg+A==",
        "dependencies": {}
      },
      "superjson@1.13.3": {
        "integrity": "sha512-mJiVjfd2vokfDxsQPOwJ/PtanO87LhpYY88ubI5dUB1Ab58Txbyje3+jpm+/83R/fevaq/107NNhtYBLuoTrFg==",
        "dependencies": {
          "copy-anything": "copy-anything@3.0.5"
        }
      }
    }
  },
  "redirects": {
    "https://deno.land/x/axiod/mod.ts": "https://deno.land/x/axiod@0.26.2/mod.ts",
    "https://deno.land/x/dotenv/mod.ts": "https://deno.land/x/dotenv@v3.2.2/mod.ts",
    "https://deno.land/x/json_tree/mod.ts": "https://deno.land/x/json_tree@latest/mod.ts",
    "https://deno.land/x/zod/mod.ts": "https://deno.land/x/zod@v3.22.4/mod.ts"
  },
  "remote": {
    "http://localhost:8000/drafts/draft1/envFun.ts": "0ed4eae8c955d45346f0ec41a630aa4632fbcad39b86d29b0754fbad49708b95",
    "http://localhost:8000/drafts/draft1/error.ts": "728f1a38badc0917b524c91e5cf1e7014152804741865097d400078fe7b2115c",
    "http://localhost:8000/drafts/draft1/loadFun.ts": "962d39dfd26624c34f424e58efa409dc00ce8d2bc47dc2332c6410d692a5deb5",
    "http://localhost:8000/drafts/draft1/mod.ts": "f0eca6e090fcef1bc41370aafa72b47d12d609e0b68c739841fc8950a9568b9d",
    "http://localhost:8000/drafts/draft1/pathHelper.ts": "64d93543a8009955b930a1df0526feb1ce2e4a9ea56b0d66b6645fe7b88ddbdf",
    "http://localhost:8000/drafts/draft1/tuner.ts": "38159dbfae4a95d97bacb66aea1cdf55dadd095dc95c4323064991ca9082794a",
    "http://localhost:8000/drafts/draft1/tunerFun.ts": "8a2fa8de1f47440f33b5e13315a1bfd9a167c3a7b1f96b2516cae4c2ca22e68f",
    "http://localhost:8000/drafts/draft1/type.ts": "0e7ed56414d84d743ae951a684f166ddaf3fec3a08627b5825150e6ec4f5055d",
    "http://localhost:8000/example/config/b.tuner.ts": "a9b28fcd050be2d48b16e0363155a70e36b576a9cf6eef3601a25fc7d6037c82",
    "http://localhost:8000/mod.ts": "507c0d48fbc6dede825ce982e552f165a8e3691f5fed1b53d08b034aeb62ea41",
    "http://localhost:8000/src/envFuns.ts": "eb4cf72ca58c9f0b5389dfff7261882bd44d126af6d3e1900ea2f7b9c3b7a972",
    "http://localhost:8000/src/errors.ts": "35c4d23e6092b406300de3069a18588c22f52fac9a23d67a09e3468d384fcf08",
    "http://localhost:8000/src/loaders.ts": "6c8d911a2511e145d80cbe4a91ea70f823c9633def7c3f30fe8cb81ec25d80c6",
    "http://localhost:8000/src/pathHelper.ts": "64d93543a8009955b930a1df0526feb1ce2e4a9ea56b0d66b6645fe7b88ddbdf",
    "http://localhost:8000/src/provider/scheme/block.ts": "6a8fa821b885e8c6ca4b4e07f062cf445d36e462d9738ff1096db7ff267319db",
    "http://localhost:8000/src/provider/scheme/githubRes.ts": "714c4a01007d9bb04e86bc003c2e9ee9e4fbfabc0ccb8092eda2b8c2679b9ce3",
    "http://localhost:8000/src/provider/service.ts": "b78d618a09145c02d1642ea69374613427a5b96a84a47a5966c6acfac5ae0a10",
    "http://localhost:8000/src/scheme.ts": "839ebf74e4ffed766b248c0033c3d4aa7f34fe130c7142dbddf6d44875401179",
    "http://localhost:8000/src/tuner.ts": "9e8c7a555b6105fdb1873e45108dffb9077d5e5212be6a5dcd6365a00829e22b",
    "http://localhost:8000/src/tunerFun.ts": "59af1481e95542568b782ad81173e9f619cba2b4937f5a8e47e57b73e22ab583",
    "http://localhost:8000/src/type.ts": "a07cbe7a1d40639f1f809cc58bc3b512379ef92eb10b6e55b4ba0ce1462ee0a2",
    "https://deno.land/std@0.149.0/_util/assert.ts": "e94f2eb37cebd7f199952e242c77654e43333c1ac4c5c700e929ea3aa5489f74",
    "https://deno.land/std@0.149.0/_util/os.ts": "3b4c6e27febd119d36a416d7a97bd3b0251b77c88942c8f16ee5953ea13e2e49",
    "https://deno.land/std@0.149.0/fs/_util.ts": "2cf50bfb1081c2d5f2efec10ac19abbc2baf478e51cd1b057d0da2f30585b6ba",
    "https://deno.land/std@0.149.0/fs/ensure_dir.ts": "9dc109c27df4098b9fc12d949612ae5c9c7169507660dcf9ad90631833209d9d",
    "https://deno.land/std@0.149.0/fs/ensure_file.ts": "7d353e64fee3d4d1e7c6b6726a2a5e987ba402c15fb49566309042887349c545",
    "https://deno.land/std@0.149.0/path/_constants.ts": "df1db3ffa6dd6d1252cc9617e5d72165cd2483df90e93833e13580687b6083c3",
    "https://deno.land/std@0.149.0/path/_interface.ts": "ee3b431a336b80cf445441109d089b70d87d5e248f4f90ff906820889ecf8d09",
    "https://deno.land/std@0.149.0/path/_util.ts": "c1e9686d0164e29f7d880b2158971d805b6e0efc3110d0b3e24e4b8af2190d2b",
    "https://deno.land/std@0.149.0/path/common.ts": "bee563630abd2d97f99d83c96c2fa0cca7cee103e8cb4e7699ec4d5db7bd2633",
    "https://deno.land/std@0.149.0/path/glob.ts": "cb5255638de1048973c3e69e420c77dc04f75755524cb3b2e160fe9277d939ee",
    "https://deno.land/std@0.149.0/path/mod.ts": "4945b430b759b0b3d98f2a278542cbcf95e0ad2bd8eaaed3c67322b306b2b346",
    "https://deno.land/std@0.149.0/path/posix.ts": "c1f7afe274290ea0b51da07ee205653b2964bd74909a82deb07b69a6cc383aaa",
    "https://deno.land/std@0.149.0/path/separator.ts": "fe1816cb765a8068afb3e8f13ad272351c85cbc739af56dacfc7d93d710fe0f9",
    "https://deno.land/std@0.149.0/path/win32.ts": "bd7549042e37879c68ff2f8576a25950abbfca1d696d41d82c7bca0b7e6f452c",
    "https://deno.land/std@0.159.0/path/_constants.ts": "df1db3ffa6dd6d1252cc9617e5d72165cd2483df90e93833e13580687b6083c3",
    "https://deno.land/std@0.159.0/path/_interface.ts": "ee3b431a336b80cf445441109d089b70d87d5e248f4f90ff906820889ecf8d09",
    "https://deno.land/std@0.159.0/path/_util.ts": "d16be2a16e1204b65f9d0dfc54a9bc472cafe5f4a190b3c8471ec2016ccd1677",
    "https://deno.land/std@0.159.0/path/posix.ts": "c1f7afe274290ea0b51da07ee205653b2964bd74909a82deb07b69a6cc383aaa",
    "https://deno.land/std@0.164.0/_util/asserts.ts": "d0844e9b62510f89ce1f9878b046f6a57bf88f208a10304aab50efcb48365272",
    "https://deno.land/std@0.164.0/_util/os.ts": "8a33345f74990e627b9dfe2de9b040004b08ea5146c7c9e8fe9a29070d193934",
    "https://deno.land/std@0.164.0/fs/_util.ts": "fdc156f897197f261a1c096dcf8ff9267ed0ff42bd5b31f55053a4763a4bae3b",
    "https://deno.land/std@0.164.0/fs/copy.ts": "37ad2d3390a672a34baf7d16a8623238906a1ee9b2c5fffc8efaa97810f4e6a9",
    "https://deno.land/std@0.164.0/fs/empty_dir.ts": "c15a0aaaf40f8c21cca902aa1e01a789ad0c2fd1b7e2eecf4957053c5dbf707f",
    "https://deno.land/std@0.164.0/fs/ensure_dir.ts": "76395fc1c989ca8d2de3aedfa8240eb8f5225cde20f926de957995b063135b80",
    "https://deno.land/std@0.164.0/fs/ensure_file.ts": "b8e32ea63aa21221d0219760ba3f741f682d7f7d68d0d24a3ec067c338568152",
    "https://deno.land/std@0.164.0/fs/ensure_link.ts": "5cc1c04f18487d7d1edf4c5469705f30b61390ffd24ad7db6df85e7209b32bb2",
    "https://deno.land/std@0.164.0/fs/ensure_symlink.ts": "5273557b8c50be69477aa9cb003b54ff2240a336db52a40851c97abce76b96ab",
    "https://deno.land/std@0.164.0/fs/eol.ts": "65b1e27320c3eec6fb653b27e20056ee3d015d3e91db388cfefa41616ebc7cb3",
    "https://deno.land/std@0.164.0/fs/exists.ts": "6a447912e49eb79cc640adacfbf4b0baf8e17ede6d5bed057062ce33c4fa0d68",
    "https://deno.land/std@0.164.0/fs/expand_glob.ts": "d08678afa768881b055bdfb5cebe4f089f8db4513a4d2b0bbe748f5870d77ce3",
    "https://deno.land/std@0.164.0/fs/mod.ts": "354a6f972ef4e00c4dd1f1339a8828ef0764c1c23d3c0010af3fcc025d8655b0",
    "https://deno.land/std@0.164.0/fs/move.ts": "6d7fa9da60dbc7a32dd7fdbc2ff812b745861213c8e92ba96dace0669b0c378c",
    "https://deno.land/std@0.164.0/fs/walk.ts": "0a754cc4696a15bdb175380a4b7deff3eb65be9768cb11d91a4138beee35c2d7",
    "https://deno.land/std@0.164.0/path/_constants.ts": "df1db3ffa6dd6d1252cc9617e5d72165cd2483df90e93833e13580687b6083c3",
    "https://deno.land/std@0.164.0/path/_interface.ts": "ee3b431a336b80cf445441109d089b70d87d5e248f4f90ff906820889ecf8d09",
    "https://deno.land/std@0.164.0/path/_util.ts": "d16be2a16e1204b65f9d0dfc54a9bc472cafe5f4a190b3c8471ec2016ccd1677",
    "https://deno.land/std@0.164.0/path/common.ts": "bee563630abd2d97f99d83c96c2fa0cca7cee103e8cb4e7699ec4d5db7bd2633",
    "https://deno.land/std@0.164.0/path/glob.ts": "cb5255638de1048973c3e69e420c77dc04f75755524cb3b2e160fe9277d939ee",
    "https://deno.land/std@0.164.0/path/mod.ts": "56fec03ad0ebd61b6ab39ddb9b0ddb4c4a5c9f2f4f632e09dd37ec9ebfd722ac",
    "https://deno.land/std@0.164.0/path/posix.ts": "6b63de7097e68c8663c84ccedc0fd977656eb134432d818ecd3a4e122638ac24",
    "https://deno.land/std@0.164.0/path/separator.ts": "fe1816cb765a8068afb3e8f13ad272351c85cbc739af56dacfc7d93d710fe0f9",
    "https://deno.land/std@0.164.0/path/win32.ts": "7cebd2bda6657371adc00061a1d23fdd87bcdf64b4843bb148b0b24c11b40f69",
    "https://deno.land/std@0.177.0/_util/asserts.ts": "178dfc49a464aee693a7e285567b3d0b555dc805ff490505a8aae34f9cfb1462",
    "https://deno.land/std@0.177.0/async/abortable.ts": "73acfb3ed7261ce0d930dbe89e43db8d34e017b063cf0eaa7d215477bf53442e",
    "https://deno.land/std@0.177.0/async/deadline.ts": "c5facb0b404eede83e38bd2717ea8ab34faa2ffb20ef87fd261fcba32ba307aa",
    "https://deno.land/std@0.177.0/async/debounce.ts": "adab11d04ca38d699444ac8a9d9856b4155e8dda2afd07ce78276c01ea5a4332",
    "https://deno.land/std@0.177.0/async/deferred.ts": "42790112f36a75a57db4a96d33974a936deb7b04d25c6084a9fa8a49f135def8",
    "https://deno.land/std@0.177.0/async/delay.ts": "73aa04cec034c84fc748c7be49bb15cac3dd43a57174bfdb7a4aec22c248f0dd",
    "https://deno.land/std@0.177.0/async/mod.ts": "f04344fa21738e5ad6bea37a6bfffd57c617c2d372bb9f9dcfd118a1b622e576",
    "https://deno.land/std@0.177.0/async/mux_async_iterator.ts": "70c7f2ee4e9466161350473ad61cac0b9f115cff4c552eaa7ef9d50c4cbb4cc9",
    "https://deno.land/std@0.177.0/async/pool.ts": "fd082bd4aaf26445909889435a5c74334c017847842ec035739b4ae637ae8260",
    "https://deno.land/std@0.177.0/async/retry.ts": "5efa3ba450ac0c07a40a82e2df296287b5013755d232049efd7ea2244f15b20f",
    "https://deno.land/std@0.177.0/async/tee.ts": "47e42d35f622650b02234d43803d0383a89eb4387e1b83b5a40106d18ae36757",
    "https://deno.land/std@0.177.0/bytes/concat.ts": "d26d6f3d7922e6d663dacfcd357563b7bf4a380ce5b9c2bbe0c8586662f25ce2",
    "https://deno.land/std@0.177.0/http/server.ts": "cbb17b594651215ba95c01a395700684e569c165a567e4e04bba327f41197433",
    "https://deno.land/std@0.177.0/uuid/_common.ts": "cb1441f4df460571fc0919e1c5c217f3e7006189b703caf946604b3f791ae34d",
    "https://deno.land/std@0.177.0/uuid/mod.ts": "cd4da71beaa7ebfaa575ecb42e24e792559b65d8927e612c13b6ac5d1306f8bb",
    "https://deno.land/std@0.177.0/uuid/v1.ts": "fe36009afce7ced96e1b5928565e12c5a8eb0df1a2b5063c0a72bda6b75c0de5",
    "https://deno.land/std@0.177.0/uuid/v4.ts": "0f081880c156fd59b9e44e2f84ea0f94a3627e89c224eaf6cc982b53d849f37e",
    "https://deno.land/std@0.177.0/uuid/v5.ts": "10558a9c09a06b86fef9e61205180b9585ec4fe3fed7d696e675b8e118f74e8e",
    "https://deno.land/std@0.183.0/_util/asserts.ts": "178dfc49a464aee693a7e285567b3d0b555dc805ff490505a8aae34f9cfb1462",
    "https://deno.land/std@0.183.0/_util/os.ts": "d932f56d41e4f6a6093d56044e29ce637f8dcc43c5a90af43504a889cf1775e3",
    "https://deno.land/std@0.183.0/path/_constants.ts": "e49961f6f4f48039c0dfed3c3f93e963ca3d92791c9d478ac5b43183413136e0",
    "https://deno.land/std@0.183.0/path/_interface.ts": "6471159dfbbc357e03882c2266d21ef9afdb1e4aa771b0545e90db58a0ba314b",
    "https://deno.land/std@0.183.0/path/_util.ts": "d7abb1e0dea065f427b89156e28cdeb32b045870acdf865833ba808a73b576d0",
    "https://deno.land/std@0.183.0/path/common.ts": "ee7505ab01fd22de3963b64e46cff31f40de34f9f8de1fff6a1bd2fe79380000",
    "https://deno.land/std@0.183.0/path/glob.ts": "d479e0a695621c94d3fd7fe7abd4f9499caf32a8de13f25073451c6ef420a4e1",
    "https://deno.land/std@0.183.0/path/mod.ts": "bf718f19a4fdd545aee1b06409ca0805bd1b68ecf876605ce632e932fe54510c",
    "https://deno.land/std@0.183.0/path/posix.ts": "8b7c67ac338714b30c816079303d0285dd24af6b284f7ad63da5b27372a2c94d",
    "https://deno.land/std@0.183.0/path/separator.ts": "0fb679739d0d1d7bf45b68dacfb4ec7563597a902edbaf3c59b50d5bcadd93b1",
    "https://deno.land/std@0.183.0/path/win32.ts": "d186344e5583bcbf8b18af416d13d82b35a317116e6460a5a3953508c3de5bba",
    "https://deno.land/std@0.188.0/_util/asserts.ts": "178dfc49a464aee693a7e285567b3d0b555dc805ff490505a8aae34f9cfb1462",
    "https://deno.land/std@0.188.0/_util/os.ts": "d932f56d41e4f6a6093d56044e29ce637f8dcc43c5a90af43504a889cf1775e3",
    "https://deno.land/std@0.188.0/bytes/concat.ts": "d26d6f3d7922e6d663dacfcd357563b7bf4a380ce5b9c2bbe0c8586662f25ce2",
    "https://deno.land/std@0.188.0/crypto/_fnv/fnv32.ts": "e4649dfdefc5c987ed53c3c25db62db771a06d9d1b9c36d2b5cf0853b8e82153",
    "https://deno.land/std@0.188.0/crypto/_fnv/fnv64.ts": "bfa0e4702061fdb490a14e6bf5f9168a22fb022b307c5723499469bfefca555e",
    "https://deno.land/std@0.188.0/crypto/_fnv/mod.ts": "f956a95f58910f223e420340b7404702ecd429603acd4491fa77af84f746040c",
    "https://deno.land/std@0.188.0/crypto/_fnv/util.ts": "accba12bfd80a352e32a872f87df2a195e75561f1b1304a4cb4f5a4648d288f9",
    "https://deno.land/std@0.188.0/crypto/_wasm/lib/deno_std_wasm_crypto.generated.mjs": "bdd70a6183c6bdabc086ec2a5f828c86711b4201f1ba7954fc78385a664e8fae",
    "https://deno.land/std@0.188.0/crypto/_wasm/mod.ts": "e2df88236fc061eac7a89e8cb0b97843f5280b08b2a990e473b7397a3e566003",
    "https://deno.land/std@0.188.0/crypto/crypto.ts": "9895c267ed0107ef613244f6a88cef40a21da159d52b5d90aceca46fd2684bb1",
    "https://deno.land/std@0.188.0/crypto/timing_safe_equal.ts": "0fae34ee02264f309ae0b6e54e9746a7aba3996e5454903ed106967a7a9ef665",
    "https://deno.land/std@0.188.0/path/_constants.ts": "e49961f6f4f48039c0dfed3c3f93e963ca3d92791c9d478ac5b43183413136e0",
    "https://deno.land/std@0.188.0/path/_interface.ts": "6471159dfbbc357e03882c2266d21ef9afdb1e4aa771b0545e90db58a0ba314b",
    "https://deno.land/std@0.188.0/path/_util.ts": "d7abb1e0dea065f427b89156e28cdeb32b045870acdf865833ba808a73b576d0",
    "https://deno.land/std@0.188.0/path/common.ts": "ee7505ab01fd22de3963b64e46cff31f40de34f9f8de1fff6a1bd2fe79380000",
    "https://deno.land/std@0.188.0/path/glob.ts": "d479e0a695621c94d3fd7fe7abd4f9499caf32a8de13f25073451c6ef420a4e1",
    "https://deno.land/std@0.188.0/path/mod.ts": "ee161baec5ded6510ee1d1fb6a75a0f5e4b41f3f3301c92c716ecbdf7dae910d",
    "https://deno.land/std@0.188.0/path/posix.ts": "8b7c67ac338714b30c816079303d0285dd24af6b284f7ad63da5b27372a2c94d",
    "https://deno.land/std@0.188.0/path/separator.ts": "0fb679739d0d1d7bf45b68dacfb4ec7563597a902edbaf3c59b50d5bcadd93b1",
    "https://deno.land/std@0.188.0/path/win32.ts": "d186344e5583bcbf8b18af416d13d82b35a317116e6460a5a3953508c3de5bba",
    "https://deno.land/std@0.188.0/uuid/_common.ts": "cb1441f4df460571fc0919e1c5c217f3e7006189b703caf946604b3f791ae34d",
    "https://deno.land/std@0.188.0/uuid/constants.ts": "0d0e95561343da44adb4a4edbc1f04cef48b0d75288c4d1704f58743f4a50d88",
    "https://deno.land/std@0.188.0/uuid/mod.ts": "5c7ca252dddba1ddf0bca2dc1124328245272650c98251d71996bb9cd8f5a386",
    "https://deno.land/std@0.188.0/uuid/v1.ts": "fe36009afce7ced96e1b5928565e12c5a8eb0df1a2b5063c0a72bda6b75c0de5",
    "https://deno.land/std@0.188.0/uuid/v3.ts": "220a3746cf315052252be7e8dbfa410f579f576b849129012cb2e2b14d05782f",
    "https://deno.land/std@0.188.0/uuid/v4.ts": "0f081880c156fd59b9e44e2f84ea0f94a3627e89c224eaf6cc982b53d849f37e",
    "https://deno.land/std@0.188.0/uuid/v5.ts": "a6b4da1235c6e554eafe812bdc7617b5e8666a86368fa729f11f1eca81a3a4d3",
    "https://deno.land/std@0.190.0/_util/asserts.ts": "178dfc49a464aee693a7e285567b3d0b555dc805ff490505a8aae34f9cfb1462",
    "https://deno.land/std@0.190.0/_util/os.ts": "d932f56d41e4f6a6093d56044e29ce637f8dcc43c5a90af43504a889cf1775e3",
    "https://deno.land/std@0.190.0/fs/exists.ts": "29c26bca8584a22876be7cb8844f1b6c8fc35e9af514576b78f5c6884d7ed02d",
    "https://deno.land/std@0.190.0/path/_constants.ts": "e49961f6f4f48039c0dfed3c3f93e963ca3d92791c9d478ac5b43183413136e0",
    "https://deno.land/std@0.190.0/path/_interface.ts": "6471159dfbbc357e03882c2266d21ef9afdb1e4aa771b0545e90db58a0ba314b",
    "https://deno.land/std@0.190.0/path/_util.ts": "d7abb1e0dea065f427b89156e28cdeb32b045870acdf865833ba808a73b576d0",
    "https://deno.land/std@0.190.0/path/common.ts": "ee7505ab01fd22de3963b64e46cff31f40de34f9f8de1fff6a1bd2fe79380000",
    "https://deno.land/std@0.190.0/path/glob.ts": "d479e0a695621c94d3fd7fe7abd4f9499caf32a8de13f25073451c6ef420a4e1",
    "https://deno.land/std@0.190.0/path/mod.ts": "ee161baec5ded6510ee1d1fb6a75a0f5e4b41f3f3301c92c716ecbdf7dae910d",
    "https://deno.land/std@0.190.0/path/posix.ts": "8b7c67ac338714b30c816079303d0285dd24af6b284f7ad63da5b27372a2c94d",
    "https://deno.land/std@0.190.0/path/separator.ts": "0fb679739d0d1d7bf45b68dacfb4ec7563597a902edbaf3c59b50d5bcadd93b1",
    "https://deno.land/std@0.190.0/path/win32.ts": "d186344e5583bcbf8b18af416d13d82b35a317116e6460a5a3953508c3de5bba",
    "https://deno.land/std@0.195.0/path/_constants.ts": "e49961f6f4f48039c0dfed3c3f93e963ca3d92791c9d478ac5b43183413136e0",
    "https://deno.land/std@0.195.0/path/_interface.ts": "6471159dfbbc357e03882c2266d21ef9afdb1e4aa771b0545e90db58a0ba314b",
    "https://deno.land/std@0.195.0/path/_util.ts": "d7abb1e0dea065f427b89156e28cdeb32b045870acdf865833ba808a73b576d0",
    "https://deno.land/std@0.195.0/path/posix.ts": "8b7c67ac338714b30c816079303d0285dd24af6b284f7ad63da5b27372a2c94d",
    "https://deno.land/std@0.203.0/dotenv/load.ts": "0636983549b98f29ab75c9a22a42d9723f0a389ece5498fe971e7bb2556a12e2",
    "https://deno.land/std@0.203.0/dotenv/mod.ts": "1da8c6d0e7f7d8a5c2b19400b763bc11739df24acec235dda7ea2cfd3d300057",
    "https://deno.land/std@0.90.0/_util/assert.ts": "2f868145a042a11d5ad0a3c748dcf580add8a0dbc0e876eaa0026303a5488f58",
    "https://deno.land/std@0.90.0/async/deferred.ts": "f89ed49ba5e1dd0227c6bd5b23f017be46c3f92e4f0338dda08ff5aa54b9f6c9",
    "https://deno.land/std@0.90.0/async/delay.ts": "9de1d8d07d1927767ab7f82434b883f3d8294fb19cad819691a2ad81a728cf3d",
    "https://deno.land/std@0.90.0/async/mod.ts": "253b41c658d768613eacfb11caa0a9ca7148442f932018a45576f7f27554c853",
    "https://deno.land/std@0.90.0/async/mux_async_iterator.ts": "b9091909db04cdb0af6f7807677372f64c1488de6c4bd86004511b064bf230d6",
    "https://deno.land/std@0.90.0/async/pool.ts": "876f9e6815366cd017a3b4fbb9e9ae40310b1b6972f1bd541c94358bc11fb7e5",
    "https://deno.land/std@0.90.0/fmt/colors.ts": "db22b314a2ae9430ae7460ce005e0a7130e23ae1c999157e3bb77cf55800f7e4",
    "https://deno.land/std@0.90.0/node/_utils.ts": "067c386d676432e9418808851e8de72df7774f009a652904f62358b4c94504cf",
    "https://deno.land/std@0.90.0/node/events.ts": "0feda0707e2229363f5df8b799fed41bb91de6ca7106f27c7a9f0a02ea11b9d4",
    "https://deno.land/std@0.90.0/testing/_diff.ts": "961eaf6d9f5b0a8556c9d835bbc6fa74f5addd7d3b02728ba7936ff93364f7a3",
    "https://deno.land/std@0.90.0/testing/asserts.ts": "83889f9a37bdab16cb68b023a15f9172ceb644f62c0e727c72d4870a666e53d6",
    "https://deno.land/x/axiod@0.26.2/helpers.ts": "467f2ca75608f368c8092e800eab0d6d79b3fa42346372be62a5b93acf50fe7e",
    "https://deno.land/x/axiod@0.26.2/interfaces.ts": "1b5a7b70b1e7faecd2f251ad080bd87188fba585e2de667af472c4d72abf636e",
    "https://deno.land/x/axiod@0.26.2/mod.ts": "1175ec90a040d764b9940753f8d8e3f37a2328a0536eed48e411a8f1a3e9e5cb",
    "https://deno.land/x/axiod@0.26.2/mods/url-join.ts": "c925b2dd0bd490093d084bd4c74a9502260e014d5e760a4951b3e7c8ab3ca43f",
    "https://deno.land/x/dotenv@v3.2.2/mod.ts": "077b48773de9205266a0b44c3c3a3c3083449ed64bb0b6cc461b95720678d38e",
    "https://deno.land/x/dotenv@v3.2.2/util.ts": "693730877b13f8ead2b79b2aa31e2a0652862f7dc0c5f6d2f313f4d39c7b7670",
    "https://deno.land/x/exec@0.0.5/mod.ts": "2a71f7e23e25be883275b22d872bbd2c3dfa3058934f1f156c8663fb81f5894f",
    "https://deno.land/x/integrations@v0.0.6/notion/mod.ts": "e7caa2977944c92a2ead5f361332d274d5243171aadd888ea03c141245163a73",
    "https://deno.land/x/integrations@v0.0.6/notion/src/appendors.ts": "1e175e45b15b3954eaea7462824f493747a9eae155b4175b6d8656e9575d406c",
    "https://deno.land/x/integrations@v0.0.6/notion/src/behaviors.ts": "6c7be226f25855f43784c83d99778295e516a0da94a0a73c04d4e9453236f710",
    "https://deno.land/x/integrations@v0.0.6/notion/src/blockInterfaces.ts": "18b2fd523c9c2d90109f3d0f1857ca353892f0d081af4e173c11b89b53d121c4",
    "https://deno.land/x/integrations@v0.0.6/notion/src/errors/commonErrors.ts": "d6d385a0166d5626112e81e3f61dee6a28e545f70449d7a1632667ebf6a530b1",
    "https://deno.land/x/integrations@v0.0.6/notion/src/errors/fetchErrors.ts": "0c7f542ef1475783481191011a2f1fec9f1a32d846b61993b5d5fba6ef5f798e",
    "https://deno.land/x/integrations@v0.0.6/notion/src/errors/formatErrors.ts": "47432dd353fc11149fc409cf1be8fdf61d40c96c9319ffb2467be6205ae5f396",
    "https://deno.land/x/integrations@v0.0.6/notion/src/errors/mod.ts": "a29c4f6d35aea45b3a0e59bfa747bcd3333319d36226d9782b6fbc1bba705041",
    "https://deno.land/x/integrations@v0.0.6/notion/src/extractors.ts": "683e0348569a9dfb58d1333471af70e4513cdf90d2c3c9032c1d8dd123291704",
    "https://deno.land/x/integrations@v0.0.6/notion/src/getters.ts": "f2408a1c5e8e77a2ad6517707c3a45a08f6832bde4eba8b8f07692a1e99aef30",
    "https://deno.land/x/integrations@v0.0.6/notion/src/helpers.ts": "c4504e7c426c4663a35866ac9ec25980bacb50a40b6301e7ba411032dfe241f8",
    "https://deno.land/x/integrations@v0.0.6/notion/src/mod.ts": "49979e7e9e09dee17f3b420940477acc87dc1e61a7b5477c2e445be154e1e3db",
    "https://deno.land/x/integrations@v0.0.6/notion/src/notion.ts": "51f6cc9639e33fb93be7ed181e186ca6a232cd7e230f6ee5e744756544224636",
    "https://deno.land/x/json_tree@latest/mod.ts": "f635eeff567dd4050944294e3297dbc59a370acb6fb6e065ebb5a03516a40942",
    "https://deno.land/x/notion_sdk@v2.2.3/src/Client.ts": "00938a998e9aa825688979e6b51669f12387ff9800477dda255ca325a7868de8",
    "https://deno.land/x/notion_sdk@v2.2.3/src/api-endpoints.ts": "2390b0e86be564a00e1b97f2cf2877f5ffbe09221208cf93f865ce45ef71b27b",
    "https://deno.land/x/notion_sdk@v2.2.3/src/errors.ts": "43a4845c2e6576ccee7c6056172a194a6baefc3957d1ac92af6420297883197a",
    "https://deno.land/x/notion_sdk@v2.2.3/src/helpers.ts": "f5623eb0999cdbaede187af6737eac4cd557d089ee09399bd920d3d55b296743",
    "https://deno.land/x/notion_sdk@v2.2.3/src/logging.ts": "78ff1ed03a20a356b9c9f2cb080aaafec80702c9c292d3a6d229f34e39be6869",
    "https://deno.land/x/notion_sdk@v2.2.3/src/mod.ts": "fd42505b28c4dcc791369f2a070a4871799aa86bbfdb39f60745dd7746a4e684",
    "https://deno.land/x/notion_sdk@v2.2.3/src/type-utils.ts": "f533961a11ca45b4362de4688087104da18c37f5fc081c2d388112891287f033",
    "https://deno.land/x/notion_sdk@v2.2.3/src/utils.ts": "e47eefcad19c6b4ce4c5ee7f34e9201edf4ba7af5f9e3fababc3253e0bb637cd",
    "https://deno.land/x/tuner@v0.1.4/mod.ts": "507c0d48fbc6dede825ce982e552f165a8e3691f5fed1b53d08b034aeb62ea41",
    "https://deno.land/x/tuner@v0.1.4/src/envFuns.ts": "eb4cf72ca58c9f0b5389dfff7261882bd44d126af6d3e1900ea2f7b9c3b7a972",
    "https://deno.land/x/tuner@v0.1.4/src/errors.ts": "35c4d23e6092b406300de3069a18588c22f52fac9a23d67a09e3468d384fcf08",
    "https://deno.land/x/tuner@v0.1.4/src/loaders.ts": "18ab067131f5840543a2b018d31dd166530b9f673fa21fe61a448828a16d73fc",
    "https://deno.land/x/tuner@v0.1.4/src/pathHelper.ts": "6e5ce0e937dc3007adca1334dc9e5662ea6c287815ca1fd039ecc75fc03b3d6d",
    "https://deno.land/x/tuner@v0.1.4/src/provider/scheme/block.ts": "6a8fa821b885e8c6ca4b4e07f062cf445d36e462d9738ff1096db7ff267319db",
    "https://deno.land/x/tuner@v0.1.4/src/provider/scheme/githubRes.ts": "714c4a01007d9bb04e86bc003c2e9ee9e4fbfabc0ccb8092eda2b8c2679b9ce3",
    "https://deno.land/x/tuner@v0.1.4/src/provider/service.ts": "a2c920c9ccb56a4a37a7d56d0738c3c69ec2f2b7c8a78cf954b913b676c380b4",
    "https://deno.land/x/tuner@v0.1.4/src/scheme.ts": "1344e2b4768e56a46d2167967447f94516d0e9458001be223d7ee03d604d5c40",
    "https://deno.land/x/tuner@v0.1.4/src/tuner.ts": "dedbeba72c82a5aa0f85eaf004757ddd9d1ff48f18c7e4ec97752ec7ef0e4a6e",
    "https://deno.land/x/tuner@v0.1.4/src/tunerFun.ts": "00f00a31fe9c4f5d2dca5bb395b0511ed61f503c1db7fb976d9815b4a8911be2",
    "https://deno.land/x/tuner@v0.1.4/src/type.ts": "a7a201e40a6057f8b91a901cf76f440b4d19f02884bbb4f5fdb4306170a9cde5",
    "https://deno.land/x/url_join@1.0.0/mod.ts": "d3c7007e3ab15594e54d5b90dce623b3e274a726e0cdf57858e7ecab77a0166c",
    "https://deno.land/x/zod@v3.21.4/ZodError.ts": "4de18ff525e75a0315f2c12066b77b5c2ae18c7c15ef7df7e165d63536fdf2ea",
    "https://deno.land/x/zod@v3.21.4/errors.ts": "5285922d2be9700cc0c70c95e4858952b07ae193aa0224be3cbd5cd5567eabef",
    "https://deno.land/x/zod@v3.21.4/external.ts": "a6cfbd61e9e097d5f42f8a7ed6f92f93f51ff927d29c9fbaec04f03cbce130fe",
    "https://deno.land/x/zod@v3.21.4/helpers/enumUtil.ts": "54efc393cc9860e687d8b81ff52e980def00fa67377ad0bf8b3104f8a5bf698c",
    "https://deno.land/x/zod@v3.21.4/helpers/errorUtil.ts": "7a77328240be7b847af6de9189963bd9f79cab32bbc61502a9db4fe6683e2ea7",
    "https://deno.land/x/zod@v3.21.4/helpers/parseUtil.ts": "51a76c126ee212be86013d53a9d07f87e9ae04bb1496f2558e61b62cb74a6aa8",
    "https://deno.land/x/zod@v3.21.4/helpers/partialUtil.ts": "998c2fe79795257d4d1cf10361e74492f3b7d852f61057c7c08ac0a46488b7e7",
    "https://deno.land/x/zod@v3.21.4/helpers/typeAliases.ts": "0fda31a063c6736fc3cf9090dd94865c811dfff4f3cb8707b932bf937c6f2c3e",
    "https://deno.land/x/zod@v3.21.4/helpers/util.ts": "8baf19b19b2fca8424380367b90364b32503b6b71780269a6e3e67700bb02774",
    "https://deno.land/x/zod@v3.21.4/index.ts": "d27aabd973613985574bc31f39e45cb5d856aa122ef094a9f38a463b8ef1a268",
    "https://deno.land/x/zod@v3.21.4/locales/en.ts": "a7a25cd23563ccb5e0eed214d9b31846305ddbcdb9c5c8f508b108943366ab4c",
    "https://deno.land/x/zod@v3.21.4/mod.ts": "64e55237cb4410e17d968cd08975566059f27638ebb0b86048031b987ba251c4",
    "https://deno.land/x/zod@v3.21.4/types.ts": "b5d061babea250de14fc63764df5b3afa24f2b088a1d797fc060ba49a0ddff28",
    "https://deno.land/x/zod@v3.22.4/ZodError.ts": "4de18ff525e75a0315f2c12066b77b5c2ae18c7c15ef7df7e165d63536fdf2ea",
    "https://deno.land/x/zod@v3.22.4/errors.ts": "5285922d2be9700cc0c70c95e4858952b07ae193aa0224be3cbd5cd5567eabef",
    "https://deno.land/x/zod@v3.22.4/external.ts": "a6cfbd61e9e097d5f42f8a7ed6f92f93f51ff927d29c9fbaec04f03cbce130fe",
    "https://deno.land/x/zod@v3.22.4/helpers/enumUtil.ts": "54efc393cc9860e687d8b81ff52e980def00fa67377ad0bf8b3104f8a5bf698c",
    "https://deno.land/x/zod@v3.22.4/helpers/errorUtil.ts": "7a77328240be7b847af6de9189963bd9f79cab32bbc61502a9db4fe6683e2ea7",
    "https://deno.land/x/zod@v3.22.4/helpers/parseUtil.ts": "f791e6e65a0340d85ad37d26cd7a3ba67126cd9957eac2b7163162155283abb1",
    "https://deno.land/x/zod@v3.22.4/helpers/partialUtil.ts": "998c2fe79795257d4d1cf10361e74492f3b7d852f61057c7c08ac0a46488b7e7",
    "https://deno.land/x/zod@v3.22.4/helpers/typeAliases.ts": "0fda31a063c6736fc3cf9090dd94865c811dfff4f3cb8707b932bf937c6f2c3e",
    "https://deno.land/x/zod@v3.22.4/helpers/util.ts": "8baf19b19b2fca8424380367b90364b32503b6b71780269a6e3e67700bb02774",
    "https://deno.land/x/zod@v3.22.4/index.ts": "d27aabd973613985574bc31f39e45cb5d856aa122ef094a9f38a463b8ef1a268",
    "https://deno.land/x/zod@v3.22.4/locales/en.ts": "a7a25cd23563ccb5e0eed214d9b31846305ddbcdb9c5c8f508b108943366ab4c",
    "https://deno.land/x/zod@v3.22.4/mod.ts": "64e55237cb4410e17d968cd08975566059f27638ebb0b86048031b987ba251c4",
    "https://deno.land/x/zod@v3.22.4/types.ts": "724185522fafe43ee56a52333958764c8c8cd6ad4effa27b42651df873fc151e",
    "https://raw.githubusercontent.com/artpani4/configTest/main/configTest.ts": "a012940b9ab2bee7aa5e825902cceaeb6b30dc6b6fa01c87af83aba596b7a41e",
    "https://raw.githubusercontent.com/artpani4/configTest/main/configTest.ts?version=0.013488606418679883": "3ea6118853809d61bcf9ed5072856339956f690cb97078b650288b74c427bdf5",
    "https://raw.githubusercontent.com/artpani4/configTest/main/configTest.ts?version=0.1159539882402536": "27d13728415250eecc4aa092c2089e525ec49a62bf280b1da6aecf81b9e563a5",
    "https://raw.githubusercontent.com/artpani4/configTest/main/configTest.ts?version=0.11611279144912623": "f9b3ca68092d41677e97d54cca01b558449b9996c474425f14926a2f70eb95bf",
    "https://raw.githubusercontent.com/artpani4/configTest/main/configTest.ts?version=0.12496795910572622": "3ea6118853809d61bcf9ed5072856339956f690cb97078b650288b74c427bdf5",
    "https://raw.githubusercontent.com/artpani4/configTest/main/configTest.ts?version=0.14381452401819028": "27d13728415250eecc4aa092c2089e525ec49a62bf280b1da6aecf81b9e563a5",
    "https://raw.githubusercontent.com/artpani4/configTest/main/configTest.ts?version=0.15092473250793614": "27d13728415250eecc4aa092c2089e525ec49a62bf280b1da6aecf81b9e563a5",
    "https://raw.githubusercontent.com/artpani4/configTest/main/configTest.ts?version=0.15255753083699353": "f9b3ca68092d41677e97d54cca01b558449b9996c474425f14926a2f70eb95bf",
    "https://raw.githubusercontent.com/artpani4/configTest/main/configTest.ts?version=0.1749716599065334": "27d13728415250eecc4aa092c2089e525ec49a62bf280b1da6aecf81b9e563a5",
    "https://raw.githubusercontent.com/artpani4/configTest/main/configTest.ts?version=0.17746166220569082": "f9b3ca68092d41677e97d54cca01b558449b9996c474425f14926a2f70eb95bf",
    "https://raw.githubusercontent.com/artpani4/configTest/main/configTest.ts?version=0.21693582617167162": "27d13728415250eecc4aa092c2089e525ec49a62bf280b1da6aecf81b9e563a5",
    "https://raw.githubusercontent.com/artpani4/configTest/main/configTest.ts?version=0.24300493718416694": "27d13728415250eecc4aa092c2089e525ec49a62bf280b1da6aecf81b9e563a5",
    "https://raw.githubusercontent.com/artpani4/configTest/main/configTest.ts?version=0.2862304214322666": "3ea6118853809d61bcf9ed5072856339956f690cb97078b650288b74c427bdf5",
    "https://raw.githubusercontent.com/artpani4/configTest/main/configTest.ts?version=0.330651380412492": "f9b3ca68092d41677e97d54cca01b558449b9996c474425f14926a2f70eb95bf",
    "https://raw.githubusercontent.com/artpani4/configTest/main/configTest.ts?version=0.39436546640246006": "3ea6118853809d61bcf9ed5072856339956f690cb97078b650288b74c427bdf5",
    "https://raw.githubusercontent.com/artpani4/configTest/main/configTest.ts?version=0.39757201657820707": "f9b3ca68092d41677e97d54cca01b558449b9996c474425f14926a2f70eb95bf",
    "https://raw.githubusercontent.com/artpani4/configTest/main/configTest.ts?version=0.48897179520086054": "27d13728415250eecc4aa092c2089e525ec49a62bf280b1da6aecf81b9e563a5",
    "https://raw.githubusercontent.com/artpani4/configTest/main/configTest.ts?version=0.5129352830523601": "f9b3ca68092d41677e97d54cca01b558449b9996c474425f14926a2f70eb95bf",
    "https://raw.githubusercontent.com/artpani4/configTest/main/configTest.ts?version=0.5431987907207956": "f9b3ca68092d41677e97d54cca01b558449b9996c474425f14926a2f70eb95bf",
    "https://raw.githubusercontent.com/artpani4/configTest/main/configTest.ts?version=0.5775554188892873": "3ea6118853809d61bcf9ed5072856339956f690cb97078b650288b74c427bdf5",
    "https://raw.githubusercontent.com/artpani4/configTest/main/configTest.ts?version=0.5921798229195265": "3ea6118853809d61bcf9ed5072856339956f690cb97078b650288b74c427bdf5",
    "https://raw.githubusercontent.com/artpani4/configTest/main/configTest.ts?version=0.6001021243361706": "a7f4aac0eb1db0b67b34e69b4b3d5538480e9b665bbacf2341e90d7884e45bb2",
    "https://raw.githubusercontent.com/artpani4/configTest/main/configTest.ts?version=0.6505442889991504": "f9b3ca68092d41677e97d54cca01b558449b9996c474425f14926a2f70eb95bf",
    "https://raw.githubusercontent.com/artpani4/configTest/main/configTest.ts?version=0.697611572886383": "f9b3ca68092d41677e97d54cca01b558449b9996c474425f14926a2f70eb95bf",
    "https://raw.githubusercontent.com/artpani4/configTest/main/configTest.ts?version=0.7189149807873125": "f9b3ca68092d41677e97d54cca01b558449b9996c474425f14926a2f70eb95bf",
    "https://raw.githubusercontent.com/artpani4/configTest/main/configTest.ts?version=0.7547983992244605": "f9b3ca68092d41677e97d54cca01b558449b9996c474425f14926a2f70eb95bf",
    "https://raw.githubusercontent.com/artpani4/configTest/main/configTest.ts?version=0.7605741459889404": "f9b3ca68092d41677e97d54cca01b558449b9996c474425f14926a2f70eb95bf",
    "https://raw.githubusercontent.com/artpani4/configTest/main/configTest.ts?version=0.7944403918931098": "a7f4aac0eb1db0b67b34e69b4b3d5538480e9b665bbacf2341e90d7884e45bb2",
    "https://raw.githubusercontent.com/artpani4/configTest/main/configTest.ts?version=0.8299833583469296": "f9b3ca68092d41677e97d54cca01b558449b9996c474425f14926a2f70eb95bf",
    "https://raw.githubusercontent.com/artpani4/configTest/main/configTest.ts?version=0.8390079805738306": "f9b3ca68092d41677e97d54cca01b558449b9996c474425f14926a2f70eb95bf",
    "https://raw.githubusercontent.com/artpani4/configTest/main/configTest.ts?version=0.8657113201960771": "f9b3ca68092d41677e97d54cca01b558449b9996c474425f14926a2f70eb95bf",
    "https://raw.githubusercontent.com/artpani4/configTest/main/configTest.ts?version=0.8734563902970822": "f9b3ca68092d41677e97d54cca01b558449b9996c474425f14926a2f70eb95bf",
    "https://raw.githubusercontent.com/artpani4/configTest/main/configTest.ts?version=0.9141671795502726": "a7f4aac0eb1db0b67b34e69b4b3d5538480e9b665bbacf2341e90d7884e45bb2",
    "https://raw.githubusercontent.com/artpani4/configTest/main/configTest.ts?version=0.9486668484361203": "3ea6118853809d61bcf9ed5072856339956f690cb97078b650288b74c427bdf5"
  },
  "workspace": {
    "dependencies": [
      "jsr:@libs/std@^2024.7.24",
      "jsr:@std/dotenv@^0.225.0",
      "jsr:@std/fs@^1.0.0"
    ]
  }
}
